
Microsoft Visual Studio Solution File, Format Version 12.00
# Visual Studio Version 17
VisualStudioVersion = 17.0.31903.59
MinimumVisualStudioVersion = 10.0.40219.1
Project("{FAE04EC0-301F-11D3-BF4B-00C04F79EFBC}") = "Portfolio.Cms.Core", "Portfolio.Cms.Core\Portfolio.Cms.Core.csproj", "{01283105-5173-4BD0-B6B0-91839DECE995}"
EndProject
Project("{FAE04EC0-301F-11D3-BF4B-00C04F79EFBC}") = "Portfolio.Cms.Web", "Portfolio.Cms.Web\Portfolio.Cms.Web.csproj", "{01F159F4-2AC5-433C-9B78-BA4B91157A59}"
EndProject
Project("{FAE04EC0-301F-11D3-BF4B-00C04F79EFBC}") = "Portfolio.Cms.Tests", "Portfolio.Cms.Tests\Portfolio.Cms.Tests.csproj", "{9EEE0ABC-2107-4BA4-9A66-C4F2C278EE45}"
EndProject
Global
	GlobalSection(SolutionConfigurationPlatforms) = preSolution
		Debug|Any CPU = Debug|Any CPU
		Debug|x64 = Debug|x64
		Debug|x86 = Debug|x86
		Release|Any CPU = Release|Any CPU
		Release|x64 = Release|x64
		Release|x86 = Release|x86
	EndGlobalSection
	GlobalSection(ProjectConfigurationPlatforms) = postSolution
		{01283105-5173-4BD0-B6B0-91839DECE995}.Debug|Any CPU.ActiveCfg = Debug|Any CPU
		{01283105-5173-4BD0-B6B0-91839DECE995}.Debug|Any CPU.Build.0 = Debug|Any CPU
		{01283105-5173-4BD0-B6B0-91839DECE995}.Debug|x64.ActiveCfg = Debug|Any CPU
		{01283105-5173-4BD0-B6B0-91839DECE995}.Debug|x64.Build.0 = Debug|Any CPU
		{01283105-5173-4BD0-B6B0-91839DECE995}.Debug|x86.ActiveCfg = Debug|Any CPU
		{01283105-5173-4BD0-B6B0-91839DECE995}.Debug|x86.Build.0 = Debug|Any CPU
		{01283105-5173-4BD0-B6B0-91839DECE995}.Release|Any CPU.ActiveCfg = Release|Any CPU
		{01283105-5173-4BD0-B6B0-91839DECE995}.Release|Any CPU.Build.0 = Release|Any CPU
		{01283105-5173-4BD0-B6B0-91839DECE995}.Release|x64.ActiveCfg = Release|Any CPU
		{01283105-5173-4BD0-B6B0-91839DECE995}.Release|x64.Build.0 = Release|Any CPU
		{01283105-5173-4BD0-B6B0-91839DECE995}.Release|x86.ActiveCfg = Release|Any CPU
		{01283105-5173-4BD0-B6B0-91839DECE995}.Release|x86.Build.0 = Release|Any CPU
		{01F159F4-2AC5-433C-9B78-BA4B91157A59}.Debug|Any CPU.ActiveCfg = Debug|Any CPU
		{01F159F4-2AC5-433C-9B78-BA4B91157A59}.Debug|Any CPU.Build.0 = Debug|Any CPU
		{01F159F4-2AC5-433C-9B78-BA4B91157A59}.Debug|x64.ActiveCfg = Debug|Any CPU
		{01F159F4-2AC5-433C-9B78-BA4B91157A59}.Debug|x64.Build.0 = Debug|Any CPU
		{01F159F4-2AC5-433C-9B78-BA4B91157A59}.Debug|x86.ActiveCfg = Debug|Any CPU
		{01F159F4-2AC5-433C-9B78-BA4B91157A59}.Debug|x86.Build.0 = Debug|Any CPU
		{01F159F4-2AC5-433C-9B78-BA4B91157A59}.Release|Any CPU.ActiveCfg = Release|Any CPU
		{01F159F4-2AC5-433C-9B78-BA4B91157A59}.Release|Any CPU.Build.0 = Release|Any CPU
		{01F159F4-2AC5-433C-9B78-BA4B91157A59}.Release|x64.ActiveCfg = Release|Any CPU
		{01F159F4-2AC5-433C-9B78-BA4B91157A59}.Release|x64.Build.0 = Release|Any CPU
		{01F159F4-2AC5-433C-9B78-BA4B91157A59}.Release|x86.ActiveCfg = Release|Any CPU
		{01F159F4-2AC5-433C-9B78-BA4B91157A59}.Release|x86.Build.0 = Release|Any CPU
		{9EEE0ABC-2107-4BA4-9A66-C4F2C278EE45}.Debug|Any CPU.ActiveCfg = Debug|Any CPU
		{9EEE0ABC-2107-4BA4-9A66-C4F2C278EE45}.Debug|Any CPU.Build.0 = Debug|Any CPU
		{9EEE0ABC-2107-4BA4-9A66-C4F2C278EE45}.Debug|x64.ActiveCfg = Debug|Any CPU
		{9EEE0ABC-2107-4BA4-9A66-C4F2C278EE45}.Debug|x64.Build.0 = Debug|Any CPU
		{9EEE0ABC-2107-4BA4-9A66-C4F2C278EE45}.Debug|x86.ActiveCfg = Debug|Any CPU
		{9EEE0ABC-2107-4BA4-9A66-C4F2C278EE45}.Debug|x86.Build.0 = Debug|Any CPU
		{9EEE0ABC-2107-4BA4-9A66-C4F2C278EE45}.Release|Any CPU.ActiveCfg = Release|Any CPU
		{9EEE0ABC-2107-4BA4-9A66-C4F2C278EE45}.Release|Any CPU.Build.0 = Release|Any CPU
		{9EEE0ABC-2107-4BA4-9A66-C4F2C278EE45}.Release|x64.ActiveCfg = Release|Any CPU
		{9EEE0ABC-2107-4BA4-9A66-C4F2C278EE45}.Release|x64.Build.0 = Release|Any CPU
		{9EEE0ABC-2107-4BA4-9A66-C4F2C278EE45}.Release|x86.ActiveCfg = Release|Any CPU
		{9EEE0ABC-2107-4BA4-9A66-C4F2C278EE45}.Release|x86.Build.0 = Release|Any CPU
	EndGlobalSection
	GlobalSection(SolutionProperties) = preSolution
		HideSolutionNode = FALSE
	EndGlobalSection
EndGlobal
